
Microsoft Visual Studio Solution File, Format Version 12.00
# Visual Studio Version 17
VisualStudioVersion = 17.2.32422.2
MinimumVisualStudioVersion = 10.0.40219.1
Project("{9A19103F-16F7-4668-BE54-9A1E7A4F7556}") = "OnlineAuction.API", "OnlineAuction.API.csproj", "{B2FBAAB8-A0C7-4D42-8788-FA92C1A4274B}"
EndProject
Project("{9A19103F-16F7-4668-BE54-9A1E7A4F7556}") = "OnlineAuction.Common.Domain", "..\OnlineAuction.Common.Domain\OnlineAuction.Common.Domain.csproj", "{EB514C48-6F8B-4C5C-B65E-C482D887AE30}"
EndProject
Project("{9A19103F-16F7-4668-BE54-9A1E7A4F7556}") = "OnlineAuction.DBAL", "..\OnlineAuction.DBAL\OnlineAuction.DBAL.csproj", "{0B79FACF-E117-407B-97AF-28102ED0B676}"
EndProject
Project("{9A19103F-16F7-4668-BE54-9A1E7A4F7556}") = "OnlineAuction.JWT.Auth", "..\OnlineAuction.JWT.Auth\OnlineAuction.JWT.Auth.csproj", "{3325692F-5E80-4979-BAD5-862F46AAC5AB}"
EndProject
Global
	GlobalSection(SolutionConfigurationPlatforms) = preSolution
		Debug|Any CPU = Debug|Any CPU
		Release|Any CPU = Release|Any CPU
	EndGlobalSection
	GlobalSection(ProjectConfigurationPlatforms) = postSolution
		{B2FBAAB8-A0C7-4D42-8788-FA92C1A4274B}.Debug|Any CPU.ActiveCfg = Debug|Any CPU
		{B2FBAAB8-A0C7-4D42-8788-FA92C1A4274B}.Debug|Any CPU.Build.0 = Debug|Any CPU
		{B2FBAAB8-A0C7-4D42-8788-FA92C1A4274B}.Release|Any CPU.ActiveCfg = Release|Any CPU
		{B2FBAAB8-A0C7-4D42-8788-FA92C1A4274B}.Release|Any CPU.Build.0 = Release|Any CPU
		{EB514C48-6F8B-4C5C-B65E-C482D887AE30}.Debug|Any CPU.ActiveCfg = Debug|Any CPU
		{EB514C48-6F8B-4C5C-B65E-C482D887AE30}.Debug|Any CPU.Build.0 = Debug|Any CPU
		{EB514C48-6F8B-4C5C-B65E-C482D887AE30}.Release|Any CPU.ActiveCfg = Release|Any CPU
		{EB514C48-6F8B-4C5C-B65E-C482D887AE30}.Release|Any CPU.Build.0 = Release|Any CPU
		{0B79FACF-E117-407B-97AF-28102ED0B676}.Debug|Any CPU.ActiveCfg = Debug|Any CPU
		{0B79FACF-E117-407B-97AF-28102ED0B676}.Debug|Any CPU.Build.0 = Debug|Any CPU
		{0B79FACF-E117-407B-97AF-28102ED0B676}.Release|Any CPU.ActiveCfg = Release|Any CPU
		{0B79FACF-E117-407B-97AF-28102ED0B676}.Release|Any CPU.Build.0 = Release|Any CPU
		{3325692F-5E80-4979-BAD5-862F46AAC5AB}.Debug|Any CPU.ActiveCfg = Debug|Any CPU
		{3325692F-5E80-4979-BAD5-862F46AAC5AB}.Debug|Any CPU.Build.0 = Debug|Any CPU
		{3325692F-5E80-4979-BAD5-862F46AAC5AB}.Release|Any CPU.ActiveCfg = Release|Any CPU
		{3325692F-5E80-4979-BAD5-862F46AAC5AB}.Release|Any CPU.Build.0 = Release|Any CPU
	EndGlobalSection
	GlobalSection(SolutionProperties) = preSolution
		HideSolutionNode = FALSE
	EndGlobalSection
	GlobalSection(ExtensibilityGlobals) = postSolution
		SolutionGuid = {0966E1EA-BD14-430E-B507-5D3D68C0F91A}
	EndGlobalSection
EndGlobal
